# SPDX-License-Identifier: Apache-2.0
# Reviewed binary wheels cover CPython 3.11-3.14 on manylinux2014 x86_64.
# One dependency per physical line; continuations and inline comments are forbidden.
anyio==4.14.2 --hash=sha256:9f505dda5ac9f0c8309b5e8bd445a8c2bf7246f3ce950121e45ea15bc41d1494
build==1.5.0 --hash=sha256:13f3eecb844759ab66efec90ca17639bbf14dc06cb2fdf37a9010322d9c50a6f
certifi==2026.7.22 --hash=sha256:62f22742b58a1a33014a2b6b706588a8d7e2a88ae7bd1a6ebe8c992928483775
h11==0.16.0 --hash=sha256:63cf8bbe7522de3bf65932fda1d9c2772064ffb3dae62d55932da54b31cb6c86
httpcore==1.0.9 --hash=sha256:2d400746a40668fc9dec9810239072b40b4484b640a8c38fd654a024c7a1bf55
httpx==0.28.1 --hash=sha256:d909fcccc110f8c7faf814ca82a9a4d816bc5a6dbfea25d6591d6985b8ba59ad
idna==3.18 --hash=sha256:7f952cbe720b688055e3f87de14f5c3e5fdaa8bc3928985c4077ca689de849a2
librt==0.13.0 --hash=sha256:22034924f5b42d5a56371cf271771bfeaabf235a7a8b6264bef2d20013f786c6 --hash=sha256:7db9a3ff32ef5f7d1703d93831a3316cdf0b537de6a1cc03cc8fdd09b9194e89 --hash=sha256:94b85d664d777bab6c0d709416cb42938251fda9e221b79e3a2215d85df5f4f9 --hash=sha256:b222493da6e7b6199db9bd79502436cf5a27da3c1f7fa83c7e285444fc93fd03
mypy==1.20.2 --hash=sha256:0deb80d062b2479f2c87ae568f89845afc71d11bc41b04179e58165fd9f31e98 --hash=sha256:5a65aa591af023864fd08a97da9974e919452cfe19cb146c8a5dc692626445dc --hash=sha256:a5da6976f20cae27059ea8d0c86e7cef3de720e04c4bb9ee18e3690fdb792066 --hash=sha256:bb9c2fa06887e21d6a3a868762acb82aec34e2c6fd0174064f27c93ede68ad15
mypy_extensions==1.1.0 --hash=sha256:1be4cccdb0f2482337c4743e60421de3a356cd97508abadd57d47403e94f5505
packaging==26.2 --hash=sha256:5fc45236b9446107ff2415ce77c807cee2862cb6fac22b8a73826d0693b0980e
pathspec==1.1.1 --hash=sha256:a00ce642f577bf7f473932318056212bc4f8bfdf53128c78bbd5af0b9b20b189
pyproject_hooks==1.2.0 --hash=sha256:9e5c6bfa8dcc30091c74b0cf803c81fdd29d94f01992a7707bc97babb1141913
ruff==0.15.22 --hash=sha256:365523eb91d9224e1bcb03b022fbf0facb8f9e23792a2c53d9d4b3924bdbdebb
setuptools==83.0.0 --hash=sha256:29b23c360f22f414dc7336bb39178cc7bcbf6021ed2733cde173f09dba19abb3
typing_extensions==4.16.0 --hash=sha256:481caa481374e813c1b176ada14e97f1f67a4539ce9cfeb3f350d78d6370c2e8
websockets==16.1.1 --hash=sha256:0f62863e8a00a6d33c3d6566ec0b89f23787b747ffe0c3bc71ec0e76b82c94b1 --hash=sha256:92b820d345f7a3fc7b8163949ee92df910f290c3fc517b3d5301c78065adafe1 --hash=sha256:da4ca1a9d72f9030b3146b8d7022719a9f3d478f61efe6f7dd51d243f61c51b2 --hash=sha256:f5d497865f05bb222cab7016c6034542e84e5f29f49c6fd3f4939cda7197b5b8
wheel==0.47.0 --hash=sha256:212281cab4dff978f6cedd499cd893e1f620791ca6ff7107cf270781e587eced
