# shellcheck shell=sh
# Immutable build inputs. Update only through a reviewed dependency-refresh change.
LOCK_FORMAT_VERSION=1
SUPPORTED_PLATFORM=linux/amd64
DOCKERFILE_FRONTEND=docker/dockerfile:1.20.0@sha256:26147acbda4f14c5add9946e2fd2ed543fc402884fd75146bd342a7f6271dc1d
HADOLINT_IMAGE=hadolint/hadolint:v2.14.0-debian@sha256:158cd0184dcaa18bd8ec20b61f4c1cabdf8b32a592d062f57bdcb8e4c1d312e2
DEBIAN_BASE_TAG=debian:13.6-slim
DEBIAN_BASE_DIGEST=sha256:328d16499860ae6cb9b345e2e4cebca08c2a36e4f7278482c7bd1f39d71e5bfd
DEBIAN_SNAPSHOT=20260719T000000Z
DEBIAN_SUITE=trixie
DEBIAN_INRELEASE_SHA256=98b25b5cd185c59d34aa6e4c3e9b5b8f01bbe9d104fe2dcfbcd30dc0a14a59ed
DEBIAN_UPDATES_INRELEASE_SHA256=d761d119a8504b6d1c80fa1d7b851583875eef0702177bd79ef644c58416dfb6
DEBIAN_SECURITY_INRELEASE_SHA256=4819a1f38724b97053cc49f3e567b8ce240bb0e29eed735aa40312f9b6c9daf0
RUST_BUILDER_TAG=rust:1.97.1-slim-bookworm
RUST_BUILDER_DIGEST=sha256:99e09cb2284e2ddbb73a995deee3e91783fd04d177602ccf6eab326d778ee777
RUST_BUILDER_DEBIAN_SUITE=bookworm
RUST_BUILDER_DEBIAN_INRELEASE_SHA256=77737fa4b34f2693e982cc9ee35736816c35a7778fc2d326cc1bbf5b301fe1aa
RUST_BUILDER_DEBIAN_UPDATES_INRELEASE_SHA256=ff485a327a57d1cc35a5d12548171fd48f9525dfa7bd4e97570fcf738cf1112a
RUST_BUILDER_DEBIAN_SECURITY_INRELEASE_SHA256=f1cfa9017f64f876dd5d443dc8cfa0c831958f0123fb137ecd3c26cce27109a4
S6_OVERLAY_VERSION=3.2.2.0
S6_OVERLAY_NOARCH_SHA256=85848f6baab49fb7832a5557644c73c066899ed458dd1601035cf18e7c759f26
S6_OVERLAY_X86_64_SHA256=5a09e2f1878dc5f7f0211dd7bafed3eee1afe4f813e872fff2ab1957f266c7c0
S6_OVERLAY_COPYING_SHA256=7184c7d1dae02fc4a23e0d2cda2c8a107ba08fbc0158bc25f4d0f404941780db
NOVNC_VERSION=1:1.6.0-2
NOVNC_DEB_SHA256=7943751137815b9b98c7b424413de78aefa8a1045129ac06c001e9e68e0de98e
PYTHON3_WEBSOCKIFY_VERSION=0.12.0+dfsg1-4+b1
PYTHON3_WEBSOCKIFY_DEB_SHA256=2cc697df15126b6561a557323c17d414df5693580f4618644e76cf9d91baf53f
TIGERVNC_SCRAPING_SERVER_VERSION=1.15.0+dfsg-2.1~deb13u1
TIGERVNC_SCRAPING_SERVER_DEB_SHA256=bc94e6d54b086d8e319228276a7528451113888beb164c1a39d98361c49398b0
