# shellcheck shell=sh
# Immutable build inputs. Update only through a reviewed dependency-refresh change.
LOCK_FORMAT_VERSION=1
SUPPORTED_PLATFORM=linux/amd64
DEBIAN_BASE_TAG=debian:stable-slim
DEBIAN_BASE_DIGEST=sha256:328d16499860ae6cb9b345e2e4cebca08c2a36e4f7278482c7bd1f39d71e5bfd
DEBIAN_SNAPSHOT=20260719T000000Z
RUST_BUILDER_TAG=rust:1.97.1-slim-bookworm
RUST_BUILDER_DIGEST=sha256:99e09cb2284e2ddbb73a995deee3e91783fd04d177602ccf6eab326d778ee777
RUST_BUILDER_DEBIAN_SUITE=bookworm
S6_OVERLAY_VERSION=3.2.2.0
S6_OVERLAY_NOARCH_SHA256=85848f6baab49fb7832a5557644c73c066899ed458dd1601035cf18e7c759f26
S6_OVERLAY_X86_64_SHA256=5a09e2f1878dc5f7f0211dd7bafed3eee1afe4f813e872fff2ab1957f266c7c0
S6_OVERLAY_COPYING_SHA256=7184c7d1dae02fc4a23e0d2cda2c8a107ba08fbc0158bc25f4d0f404941780db
