# component	version	kind	locator	sha256	license	relationship
debian-base	stable-slim	oci	docker.io/library/debian	328d16499860ae6cb9b345e2e4cebca08c2a36e4f7278482c7bd1f39d71e5bfd	package-specific	aggregate
debian-inrelease-stable	20260719T000000Z	metadata	https://snapshot.debian.org/archive/debian/20260719T000000Z/dists/stable/InRelease	98b25b5cd185c59d34aa6e4c3e9b5b8f01bbe9d104fe2dcfbcd30dc0a14a59ed	package-specific	build-input
debian-inrelease-stable-updates	20260719T000000Z	metadata	https://snapshot.debian.org/archive/debian/20260719T000000Z/dists/stable-updates/InRelease	d761d119a8504b6d1c80fa1d7b851583875eef0702177bd79ef644c58416dfb6	package-specific	build-input
debian-security-inrelease	20260719T000000Z	metadata	https://snapshot.debian.org/archive/debian-security/20260719T000000Z/dists/stable-security/InRelease	4819a1f38724b97053cc49f3e567b8ce240bb0e29eed735aa40312f9b6c9daf0	package-specific	build-input
rust-builder	1.97.1-slim-bookworm	oci	docker.io/library/rust	99e09cb2284e2ddbb73a995deee3e91783fd04d177602ccf6eab326d778ee777	MIT OR Apache-2.0	build-only
rust-builder-debian-inrelease	20260719T000000Z	metadata	https://snapshot.debian.org/archive/debian/20260719T000000Z/dists/bookworm/InRelease	77737fa4b34f2693e982cc9ee35736816c35a7778fc2d326cc1bbf5b301fe1aa	package-specific	build-input
rust-builder-debian-updates-inrelease	20260719T000000Z	metadata	https://snapshot.debian.org/archive/debian/20260719T000000Z/dists/bookworm-updates/InRelease	ff485a327a57d1cc35a5d12548171fd48f9525dfa7bd4e97570fcf738cf1112a	package-specific	build-input
rust-builder-debian-security-inrelease	20260719T000000Z	metadata	https://snapshot.debian.org/archive/debian-security/20260719T000000Z/dists/bookworm-security/InRelease	f1cfa9017f64f876dd5d443dc8cfa0c831958f0123fb137ecd3c26cce27109a4	package-specific	build-input
s6-overlay-noarch	3.2.2.0	archive	https://github.com/just-containers/s6-overlay/releases/download/v3.2.2.0/s6-overlay-noarch.tar.xz	85848f6baab49fb7832a5557644c73c066899ed458dd1601035cf18e7c759f26	ISC	aggregate
s6-overlay-x86_64	3.2.2.0	archive	https://github.com/just-containers/s6-overlay/releases/download/v3.2.2.0/s6-overlay-x86_64.tar.xz	5a09e2f1878dc5f7f0211dd7bafed3eee1afe4f813e872fff2ab1957f266c7c0	ISC	aggregate
s6-overlay-copying	3.2.2.0	license	https://raw.githubusercontent.com/just-containers/s6-overlay/v3.2.2.0/COPYING	7184c7d1dae02fc4a23e0d2cda2c8a107ba08fbc0158bc25f4d0f404941780db	ISC	license-evidence
moby-docker-default-seccomp	docker-v29.1.3@fbf3ed25f893e6ce21336f1101590e40a13934f4	policy	https://raw.githubusercontent.com/moby/moby/fbf3ed25f893e6ce21336f1101590e40a13934f4/vendor/github.com/moby/profiles/seccomp/default.json	01536f1d1df938ae611eba20d6349e0de7a99b6ecdee1549427a0b01b8301e28	Apache-2.0	browser-spike-baseline
moby-license	docker-v29.1.3@fbf3ed25f893e6ce21336f1101590e40a13934f4	license	https://raw.githubusercontent.com/moby/moby/fbf3ed25f893e6ce21336f1101590e40a13934f4/LICENSE	7c87873291f289713ac5df48b1f2010eb6963752bbd6b530416ab99fc37914a8	Apache-2.0	license-evidence
moby-notice	docker-v29.1.3@fbf3ed25f893e6ce21336f1101590e40a13934f4	notice	https://raw.githubusercontent.com/moby/moby/fbf3ed25f893e6ce21336f1101590e40a13934f4/NOTICE	b40ec5b16182103ef1cd69d42a21c98369e35bd483b3973902da4807c0755446	Apache-2.0	notice-evidence
playwright-browser-seccomp-rule	ae935a43d9e376e4759548f6b3c6905c7b282333	policy	https://raw.githubusercontent.com/microsoft/playwright/ae935a43d9e376e4759548f6b3c6905c7b282333/utils/docker/seccomp_profile.json	cc3e61cabda6bbc1e53e54d27ba4d55a9d3be829b6dd1a596f4a7b31b1cc7849	Apache-2.0	browser-spike-userns-rule-evidence
playwright-license	ae935a43d9e376e4759548f6b3c6905c7b282333	license	https://raw.githubusercontent.com/microsoft/playwright/ae935a43d9e376e4759548f6b3c6905c7b282333/LICENSE	45873d00a0dd243596deb4aa23b2493b3d1f0671921bf2538ea431d7380220eb	Apache-2.0	license-evidence
playwright-notice	ae935a43d9e376e4759548f6b3c6905c7b282333	notice	https://raw.githubusercontent.com/microsoft/playwright/ae935a43d9e376e4759548f6b3c6905c7b282333/NOTICE	6d602191187b35b9b01d2cffa01c8469c2c8d9de8a96f1bf868e0f264f51c81d	Apache-2.0	notice-evidence
